
Microsoft Visual Studio Solution File, Format Version 12.00
# Visual Studio 15
VisualStudioVersion = 15.0.28307.438
MinimumVisualStudioVersion = 10.0.40219.1
Project("{FAE04EC0-301F-11D3-BF4B-00C04F79EFBC}") = "MyFromGame", "MyFromGame\MyFromGame.csproj", "{21855E51-BB99-4CC6-9A1C-451D421C4F07}"
EndProject
Global
	GlobalSection(SolutionConfigurationPlatforms) = preSolution
		Debug|Any CPU = Debug|Any CPU
		Release|Any CPU = Release|Any CPU
	EndGlobalSection
	GlobalSection(ProjectConfigurationPlatforms) = postSolution
		{21855E51-BB99-4CC6-9A1C-451D421C4F07}.Debug|Any CPU.ActiveCfg = Debug|Any CPU
		{21855E51-BB99-4CC6-9A1C-451D421C4F07}.Debug|Any CPU.Build.0 = Debug|Any CPU
		{21855E51-BB99-4CC6-9A1C-451D421C4F07}.Release|Any CPU.ActiveCfg = Release|Any CPU
		{21855E51-BB99-4CC6-9A1C-451D421C4F07}.Release|Any CPU.Build.0 = Release|Any CPU
	EndGlobalSection
	GlobalSection(SolutionProperties) = preSolution
		HideSolutionNode = FALSE
	EndGlobalSection
	GlobalSection(ExtensibilityGlobals) = postSolution
		SolutionGuid = {185B144D-EE45-4FBD-AA2F-EC9C1D548521}
	EndGlobalSection
EndGlobal
